
Microsoft Visual Studio Solution File, Format Version 12.00
# Visual Studio Version 17
VisualStudioVersion = 17.13.35818.85 d17.13
MinimumVisualStudioVersion = 10.0.40219.1
Project("{FAE04EC0-301F-11D3-BF4B-00C04F79EFBC}") = "QRCodeWebsite", "QRCodeWebsite.csproj", "{EECCEE0C-BD37-41D2-A5E6-070C243D12BE}"
EndProject
Global
	GlobalSection(SolutionConfigurationPlatforms) = preSolution
		Debug|Any CPU = Debug|Any CPU
		Release|Any CPU = Release|Any CPU
	EndGlobalSection
	GlobalSection(ProjectConfigurationPlatforms) = postSolution
		{EECCEE0C-BD37-41D2-A5E6-070C243D12BE}.Debug|Any CPU.ActiveCfg = Debug|Any CPU
		{EECCEE0C-BD37-41D2-A5E6-070C243D12BE}.Debug|Any CPU.Build.0 = Debug|Any CPU
		{EECCEE0C-BD37-41D2-A5E6-070C243D12BE}.Release|Any CPU.ActiveCfg = Release|Any CPU
		{EECCEE0C-BD37-41D2-A5E6-070C243D12BE}.Release|Any CPU.Build.0 = Release|Any CPU
	EndGlobalSection
	GlobalSection(SolutionProperties) = preSolution
		HideSolutionNode = FALSE
	EndGlobalSection
	GlobalSection(ExtensibilityGlobals) = postSolution
		SolutionGuid = {7E3E88F9-194B-414E-B489-04F430C8FDD2}
	EndGlobalSection
EndGlobal
